// !$*UTF8*$!
{
	archiveVersion = 1;
	classes = {
	};
	objectVersion = 55;
	objects = {

/* Begin PBXBuildFile section */
		C500D8652727054E00C4EBAB /* AsyncView.swift in Sources */ = {isa = PBXBuildFile; fileRef = C500D8642727054E00C4EBAB /* AsyncView.swift */; };
		C500D867272706AA00C4EBAB /* AsyncViewProvider.swift in Sources */ = {isa = PBXBuildFile; fileRef = C500D866272706AA00C4EBAB /* AsyncViewProvider.swift */; };
		C500D86B272709E900C4EBAB /* ForecastType.swift in Sources */ = {isa = PBXBuildFile; fileRef = C500D86A272709E900C4EBAB /* ForecastType.swift */; };
		C500D87427273AED00C4EBAB /* SampleWeatherData in Frameworks */ = {isa = PBXBuildFile; productRef = C500D87327273AED00C4EBAB /* SampleWeatherData */; };
		C500D87627273BA500C4EBAB /* Place+Sample.swift in Sources */ = {isa = PBXBuildFile; fileRef = C500D87527273BA500C4EBAB /* Place+Sample.swift */; };
		C504912E2723514A003194C2 /* WeatherApp.swift in Sources */ = {isa = PBXBuildFile; fileRef = C504912D2723514A003194C2 /* WeatherApp.swift */; };
		C50491302723514A003194C2 /* ContentView.swift in Sources */ = {isa = PBXBuildFile; fileRef = C504912F2723514A003194C2 /* ContentView.swift */; };
		C50491322723514F003194C2 /* Assets.xcassets in Resources */ = {isa = PBXBuildFile; fileRef = C50491312723514F003194C2 /* Assets.xcassets */; };
		C50491352723514F003194C2 /* Preview Assets.xcassets in Resources */ = {isa = PBXBuildFile; fileRef = C50491342723514F003194C2 /* Preview Assets.xcassets */; };
		C504913D272352B0003194C2 /* WeatherAPI in Frameworks */ = {isa = PBXBuildFile; productRef = C504913C272352B0003194C2 /* WeatherAPI */; };
		C504913F27235336003194C2 /* Environment.swift in Sources */ = {isa = PBXBuildFile; fileRef = C504913E27235336003194C2 /* Environment.swift */; };
		C504914127235391003194C2 /* PlaceList.swift in Sources */ = {isa = PBXBuildFile; fileRef = C504914027235391003194C2 /* PlaceList.swift */; };
		C5049145272355CF003194C2 /* Place.swift in Sources */ = {isa = PBXBuildFile; fileRef = C5049144272355CF003194C2 /* Place.swift */; };
		C5049147272359C9003194C2 /* LocationView.swift in Sources */ = {isa = PBXBuildFile; fileRef = C5049146272359C9003194C2 /* LocationView.swift */; };
		C55407A9272655AC00CB73D3 /* DetailedForecastView.swift in Sources */ = {isa = PBXBuildFile; fileRef = C55407A8272655AC00CB73D3 /* DetailedForecastView.swift */; };
		C595BB6827263CC50049C645 /* Observation.json in Resources */ = {isa = PBXBuildFile; fileRef = C595BB6727263CC50049C645 /* Observation.json */; };
		C595BB6A2726482B0049C645 /* Formatters.swift in Sources */ = {isa = PBXBuildFile; fileRef = C595BB692726482B0049C645 /* Formatters.swift */; };
		C595BB6C272648FC0049C645 /* OptionalRow.swift in Sources */ = {isa = PBXBuildFile; fileRef = C595BB6B272648FC0049C645 /* OptionalRow.swift */; };
		C59A473E27287B1D00C15189 /* ObservationStationsMapView.swift in Sources */ = {isa = PBXBuildFile; fileRef = C59A473D27287B1D00C15189 /* ObservationStationsMapView.swift */; };
		C59A47402728928C00C15189 /* BubbleView.swift in Sources */ = {isa = PBXBuildFile; fileRef = C59A473F2728928C00C15189 /* BubbleView.swift */; };
		C5BECC2E27245D0E0001A36A /* Result+Async.swift in Sources */ = {isa = PBXBuildFile; fileRef = C5BECC2D27245D0E0001A36A /* Result+Async.swift */; };
		C5BECC3227259E370001A36A /* ForecastPointView.swift in Sources */ = {isa = PBXBuildFile; fileRef = C5BECC3127259E370001A36A /* ForecastPointView.swift */; };
		C5BECC342725A1420001A36A /* ExpandableSectionToggle.swift in Sources */ = {isa = PBXBuildFile; fileRef = C5BECC332725A1420001A36A /* ExpandableSectionToggle.swift */; };
		C5BECC362725A2AA0001A36A /* ObservationStationView.swift in Sources */ = {isa = PBXBuildFile; fileRef = C5BECC352725A2AA0001A36A /* ObservationStationView.swift */; };
		C5BECC382725A52B0001A36A /* Places.json in Resources */ = {isa = PBXBuildFile; fileRef = C5BECC372725A52B0001A36A /* Places.json */; };
		C5BECC3A2725A6040001A36A /* PointResponse.json in Resources */ = {isa = PBXBuildFile; fileRef = C5BECC392725A6040001A36A /* PointResponse.json */; };
		C5BECC3C2725A6A60001A36A /* LoadDecodableFromFile.swift in Sources */ = {isa = PBXBuildFile; fileRef = C5BECC3B2725A6A60001A36A /* LoadDecodableFromFile.swift */; };
		C5BECC3E2725A6F30001A36A /* Location+Sample.swift in Sources */ = {isa = PBXBuildFile; fileRef = C5BECC3D2725A6F30001A36A /* Location+Sample.swift */; };
		C5BECC412725A95A0001A36A /* ObservationStationsResponse.json in Resources */ = {isa = PBXBuildFile; fileRef = C5BECC402725A95A0001A36A /* ObservationStationsResponse.json */; };
		C5BECC432725AA7F0001A36A /* Location.swift in Sources */ = {isa = PBXBuildFile; fileRef = C5BECC422725AA7F0001A36A /* Location.swift */; };
		C5C785852725E9750097A6C8 /* ObservationView.swift in Sources */ = {isa = PBXBuildFile; fileRef = C5C785842725E9750097A6C8 /* ObservationView.swift */; };
		C5C785872725F1120097A6C8 /* ForecastView.swift in Sources */ = {isa = PBXBuildFile; fileRef = C5C785862725F1120097A6C8 /* ForecastView.swift */; };
		C5D5FF5B2730856C00028DD4 /* AsyncViewModel.swift in Sources */ = {isa = PBXBuildFile; fileRef = C5D5FF5A2730856C00028DD4 /* AsyncViewModel.swift */; };
		C5D5FF5D2730872900028DD4 /* LocationViewModel.swift in Sources */ = {isa = PBXBuildFile; fileRef = C5D5FF5C2730872900028DD4 /* LocationViewModel.swift */; };
		C5D5FF632731862C00028DD4 /* ErrorView.swift in Sources */ = {isa = PBXBuildFile; fileRef = C5D5FF622731862C00028DD4 /* ErrorView.swift */; };
		C5D5FF6527318C8400028DD4 /* LoadingView.swift in Sources */ = {isa = PBXBuildFile; fileRef = C5D5FF6427318C8400028DD4 /* LoadingView.swift */; };
		C5D5FF67273190CC00028DD4 /* ForecastViewModel.swift in Sources */ = {isa = PBXBuildFile; fileRef = C5D5FF66273190CC00028DD4 /* ForecastViewModel.swift */; };
		C5D5FF6B2731B31A00028DD4 /* ObservationViewModel.swift in Sources */ = {isa = PBXBuildFile; fileRef = C5D5FF6A2731B31A00028DD4 /* ObservationViewModel.swift */; };
/* End PBXBuildFile section */

/* Begin PBXFileReference section */
		C500D8642727054E00C4EBAB /* AsyncView.swift */ = {isa = PBXFileReference; lastKnownFileType = sourcecode.swift; path = AsyncView.swift; sourceTree = "<group>"; };
		C500D866272706AA00C4EBAB /* AsyncViewProvider.swift */ = {isa = PBXFileReference; lastKnownFileType = sourcecode.swift; path = AsyncViewProvider.swift; sourceTree = "<group>"; };
		C500D86A272709E900C4EBAB /* ForecastType.swift */ = {isa = PBXFileReference; lastKnownFileType = sourcecode.swift; path = ForecastType.swift; sourceTree = "<group>"; };
		C500D87527273BA500C4EBAB /* Place+Sample.swift */ = {isa = PBXFileReference; lastKnownFileType = sourcecode.swift; path = "Place+Sample.swift"; sourceTree = "<group>"; };
		C504912A2723514A003194C2 /* WeatherApp.app */ = {isa = PBXFileReference; explicitFileType = wrapper.application; includeInIndex = 0; path = WeatherApp.app; sourceTree = BUILT_PRODUCTS_DIR; };
		C504912D2723514A003194C2 /* WeatherApp.swift */ = {isa = PBXFileReference; lastKnownFileType = sourcecode.swift; path = WeatherApp.swift; sourceTree = "<group>"; };
		C504912F2723514A003194C2 /* ContentView.swift */ = {isa = PBXFileReference; lastKnownFileType = sourcecode.swift; path = ContentView.swift; sourceTree = "<group>"; };
		C50491312723514F003194C2 /* Assets.xcassets */ = {isa = PBXFileReference; lastKnownFileType = folder.assetcatalog; path = Assets.xcassets; sourceTree = "<group>"; };
		C50491342723514F003194C2 /* Preview Assets.xcassets */ = {isa = PBXFileReference; lastKnownFileType = folder.assetcatalog; path = "Preview Assets.xcassets"; sourceTree = "<group>"; };
		C504913E27235336003194C2 /* Environment.swift */ = {isa = PBXFileReference; lastKnownFileType = sourcecode.swift; path = Environment.swift; sourceTree = "<group>"; };
		C504914027235391003194C2 /* PlaceList.swift */ = {isa = PBXFileReference; lastKnownFileType = sourcecode.swift; path = PlaceList.swift; sourceTree = "<group>"; };
		C5049144272355CF003194C2 /* Place.swift */ = {isa = PBXFileReference; lastKnownFileType = sourcecode.swift; path = Place.swift; sourceTree = "<group>"; };
		C5049146272359C9003194C2 /* LocationView.swift */ = {isa = PBXFileReference; lastKnownFileType = sourcecode.swift; path = LocationView.swift; sourceTree = "<group>"; };
		C55407A8272655AC00CB73D3 /* DetailedForecastView.swift */ = {isa = PBXFileReference; lastKnownFileType = sourcecode.swift; path = DetailedForecastView.swift; sourceTree = "<group>"; };
		C595BB6727263CC50049C645 /* Observation.json */ = {isa = PBXFileReference; lastKnownFileType = text.json; path = Observation.json; sourceTree = "<group>"; };
		C595BB692726482B0049C645 /* Formatters.swift */ = {isa = PBXFileReference; lastKnownFileType = sourcecode.swift; path = Formatters.swift; sourceTree = "<group>"; };
		C595BB6B272648FC0049C645 /* OptionalRow.swift */ = {isa = PBXFileReference; lastKnownFileType = sourcecode.swift; path = OptionalRow.swift; sourceTree = "<group>"; };
		C59A473B27285B9F00C15189 /* WeatherApp.entitlements */ = {isa = PBXFileReference; lastKnownFileType = text.plist.entitlements; path = WeatherApp.entitlements; sourceTree = "<group>"; };
		C59A473D27287B1D00C15189 /* ObservationStationsMapView.swift */ = {isa = PBXFileReference; lastKnownFileType = sourcecode.swift; path = ObservationStationsMapView.swift; sourceTree = "<group>"; };
		C59A473F2728928C00C15189 /* BubbleView.swift */ = {isa = PBXFileReference; lastKnownFileType = sourcecode.swift; path = BubbleView.swift; sourceTree = "<group>"; };
		C5BECC2D27245D0E0001A36A /* Result+Async.swift */ = {isa = PBXFileReference; lastKnownFileType = sourcecode.swift; path = "Result+Async.swift"; sourceTree = "<group>"; };
		C5BECC3127259E370001A36A /* ForecastPointView.swift */ = {isa = PBXFileReference; lastKnownFileType = sourcecode.swift; path = ForecastPointView.swift; sourceTree = "<group>"; };
		C5BECC332725A1420001A36A /* ExpandableSectionToggle.swift */ = {isa = PBXFileReference; lastKnownFileType = sourcecode.swift; path = ExpandableSectionToggle.swift; sourceTree = "<group>"; };
		C5BECC352725A2AA0001A36A /* ObservationStationView.swift */ = {isa = PBXFileReference; lastKnownFileType = sourcecode.swift; path = ObservationStationView.swift; sourceTree = "<group>"; };
		C5BECC372725A52B0001A36A /* Places.json */ = {isa = PBXFileReference; lastKnownFileType = text.json; path = Places.json; sourceTree = "<group>"; };
		C5BECC392725A6040001A36A /* PointResponse.json */ = {isa = PBXFileReference; lastKnownFileType = text.json; path = PointResponse.json; sourceTree = "<group>"; };
		C5BECC3B2725A6A60001A36A /* LoadDecodableFromFile.swift */ = {isa = PBXFileReference; lastKnownFileType = sourcecode.swift; path = LoadDecodableFromFile.swift; sourceTree = "<group>"; };
		C5BECC3D2725A6F30001A36A /* Location+Sample.swift */ = {isa = PBXFileReference; lastKnownFileType = sourcecode.swift; path = "Location+Sample.swift"; sourceTree = "<group>"; };
		C5BECC402725A95A0001A36A /* ObservationStationsResponse.json */ = {isa = PBXFileReference; lastKnownFileType = text.json; path = ObservationStationsResponse.json; sourceTree = "<group>"; };
		C5BECC422725AA7F0001A36A /* Location.swift */ = {isa = PBXFileReference; lastKnownFileType = sourcecode.swift; path = Location.swift; sourceTree = "<group>"; };
		C5C785842725E9750097A6C8 /* ObservationView.swift */ = {isa = PBXFileReference; lastKnownFileType = sourcecode.swift; path = ObservationView.swift; sourceTree = "<group>"; };
		C5C785862725F1120097A6C8 /* ForecastView.swift */ = {isa = PBXFileReference; lastKnownFileType = sourcecode.swift; path = ForecastView.swift; sourceTree = "<group>"; };
		C5D5FF5A2730856C00028DD4 /* AsyncViewModel.swift */ = {isa = PBXFileReference; lastKnownFileType = sourcecode.swift; path = AsyncViewModel.swift; sourceTree = "<group>"; };
		C5D5FF5C2730872900028DD4 /* LocationViewModel.swift */ = {isa = PBXFileReference; lastKnownFileType = sourcecode.swift; path = LocationViewModel.swift; sourceTree = "<group>"; };
		C5D5FF622731862C00028DD4 /* ErrorView.swift */ = {isa = PBXFileReference; lastKnownFileType = sourcecode.swift; path = ErrorView.swift; sourceTree = "<group>"; };
		C5D5FF6427318C8400028DD4 /* LoadingView.swift */ = {isa = PBXFileReference; lastKnownFileType = sourcecode.swift; path = LoadingView.swift; sourceTree = "<group>"; };
		C5D5FF66273190CC00028DD4 /* ForecastViewModel.swift */ = {isa = PBXFileReference; lastKnownFileType = sourcecode.swift; path = ForecastViewModel.swift; sourceTree = "<group>"; };
		C5D5FF6A2731B31A00028DD4 /* ObservationViewModel.swift */ = {isa = PBXFileReference; lastKnownFileType = sourcecode.swift; path = ObservationViewModel.swift; sourceTree = "<group>"; };
/* End PBXFileReference section */

/* Begin PBXFrameworksBuildPhase section */
		C50491272723514A003194C2 /* Frameworks */ = {
			isa = PBXFrameworksBuildPhase;
			buildActionMask = 2147483647;
			files = (
				C504913D272352B0003194C2 /* WeatherAPI in Frameworks */,
				C500D87427273AED00C4EBAB /* SampleWeatherData in Frameworks */,
			);
			runOnlyForDeploymentPostprocessing = 0;
		};
/* End PBXFrameworksBuildPhase section */

/* Begin PBXGroup section */
		C500D85F272704F600C4EBAB /* AsyncView */ = {
			isa = PBXGroup;
			children = (
				C5D5FF5A2730856C00028DD4 /* AsyncViewModel.swift */,
				C500D8642727054E00C4EBAB /* AsyncView.swift */,
				C500D866272706AA00C4EBAB /* AsyncViewProvider.swift */,
			);
			path = AsyncView;
			sourceTree = "<group>";
		};
		C500D87227273AED00C4EBAB /* Frameworks */ = {
			isa = PBXGroup;
			children = (
			);
			name = Frameworks;
			sourceTree = "<group>";
		};
		C50491212723514A003194C2 = {
			isa = PBXGroup;
			children = (
				C504912C2723514A003194C2 /* WeatherApp */,
				C504912B2723514A003194C2 /* Products */,
				C500D87227273AED00C4EBAB /* Frameworks */,
			);
			sourceTree = "<group>";
		};
		C504912B2723514A003194C2 /* Products */ = {
			isa = PBXGroup;
			children = (
				C504912A2723514A003194C2 /* WeatherApp.app */,
			);
			name = Products;
			sourceTree = "<group>";
		};
		C504912C2723514A003194C2 /* WeatherApp */ = {
			isa = PBXGroup;
			children = (
				C59A473B27285B9F00C15189 /* WeatherApp.entitlements */,
				C5BECC2C27245D010001A36A /* Extensions */,
				C5BECC2A272450AD0001A36A /* Data */,
				C50491332723514F003194C2 /* Preview Content */,
				C5BECC2B272450C30001A36A /* Resources */,
				C5BECC28272450400001A36A /* Views */,
				C504912D2723514A003194C2 /* WeatherApp.swift */,
			);
			path = WeatherApp;
			sourceTree = "<group>";
		};
		C50491332723514F003194C2 /* Preview Content */ = {
			isa = PBXGroup;
			children = (
				C50491342723514F003194C2 /* Preview Assets.xcassets */,
			);
			path = "Preview Content";
			sourceTree = "<group>";
		};
		C55407A72726559C00CB73D3 /* Forecast */ = {
			isa = PBXGroup;
			children = (
				C55407A8272655AC00CB73D3 /* DetailedForecastView.swift */,
				C500D86A272709E900C4EBAB /* ForecastType.swift */,
				C5C785862725F1120097A6C8 /* ForecastView.swift */,
				C5D5FF66273190CC00028DD4 /* ForecastViewModel.swift */,
			);
			path = Forecast;
			sourceTree = "<group>";
		};
		C595BB6427263B7F0049C645 /* Observation */ = {
			isa = PBXGroup;
			children = (
				C5C785842725E9750097A6C8 /* ObservationView.swift */,
				C5D5FF6A2731B31A00028DD4 /* ObservationViewModel.swift */,
			);
			path = Observation;
			sourceTree = "<group>";
		};
		C59A473C27287B0400C15189 /* ObservationStation */ = {
			isa = PBXGroup;
			children = (
				C59A473D27287B1D00C15189 /* ObservationStationsMapView.swift */,
				C59A473F2728928C00C15189 /* BubbleView.swift */,
			);
			path = ObservationStation;
			sourceTree = "<group>";
		};
		C5BECC28272450400001A36A /* Views */ = {
			isa = PBXGroup;
			children = (
				C500D85F272704F600C4EBAB /* AsyncView */,
				C5BECC3F2725A8E30001A36A /* Common */,
				C504912F2723514A003194C2 /* ContentView.swift */,
				C55407A72726559C00CB73D3 /* Forecast */,
				C5BECC292724504D0001A36A /* Location */,
				C595BB6427263B7F0049C645 /* Observation */,
				C59A473C27287B0400C15189 /* ObservationStation */,
				C504914027235391003194C2 /* PlaceList.swift */,
			);
			path = Views;
			sourceTree = "<group>";
		};
		C5BECC292724504D0001A36A /* Location */ = {
			isa = PBXGroup;
			children = (
				C5BECC3127259E370001A36A /* ForecastPointView.swift */,
				C5049146272359C9003194C2 /* LocationView.swift */,
				C5D5FF5C2730872900028DD4 /* LocationViewModel.swift */,
				C5BECC352725A2AA0001A36A /* ObservationStationView.swift */,
			);
			path = Location;
			sourceTree = "<group>";
		};
		C5BECC2A272450AD0001A36A /* Data */ = {
			isa = PBXGroup;
			children = (
				C504913E27235336003194C2 /* Environment.swift */,
				C595BB692726482B0049C645 /* Formatters.swift */,
				C5BECC3B2725A6A60001A36A /* LoadDecodableFromFile.swift */,
				C5BECC422725AA7F0001A36A /* Location.swift */,
				C5BECC3D2725A6F30001A36A /* Location+Sample.swift */,
				C5049144272355CF003194C2 /* Place.swift */,
				C500D87527273BA500C4EBAB /* Place+Sample.swift */,
			);
			path = Data;
			sourceTree = "<group>";
		};
		C5BECC2B272450C30001A36A /* Resources */ = {
			isa = PBXGroup;
			children = (
				C50491312723514F003194C2 /* Assets.xcassets */,
				C595BB6727263CC50049C645 /* Observation.json */,
				C5BECC402725A95A0001A36A /* ObservationStationsResponse.json */,
				C5BECC372725A52B0001A36A /* Places.json */,
				C5BECC392725A6040001A36A /* PointResponse.json */,
			);
			path = Resources;
			sourceTree = "<group>";
		};
		C5BECC2C27245D010001A36A /* Extensions */ = {
			isa = PBXGroup;
			children = (
				C5BECC2D27245D0E0001A36A /* Result+Async.swift */,
			);
			path = Extensions;
			sourceTree = "<group>";
		};
		C5BECC3F2725A8E30001A36A /* Common */ = {
			isa = PBXGroup;
			children = (
				C5D5FF622731862C00028DD4 /* ErrorView.swift */,
				C5BECC332725A1420001A36A /* ExpandableSectionToggle.swift */,
				C5D5FF6427318C8400028DD4 /* LoadingView.swift */,
				C595BB6B272648FC0049C645 /* OptionalRow.swift */,
			);
			path = Common;
			sourceTree = "<group>";
		};
/* End PBXGroup section */

/* Begin PBXNativeTarget section */
		C50491292723514A003194C2 /* WeatherApp */ = {
			isa = PBXNativeTarget;
			buildConfigurationList = C50491382723514F003194C2 /* Build configuration list for PBXNativeTarget "WeatherApp" */;
			buildPhases = (
				C50491262723514A003194C2 /* Sources */,
				C50491272723514A003194C2 /* Frameworks */,
				C50491282723514A003194C2 /* Resources */,
			);
			buildRules = (
			);
			dependencies = (
			);
			name = WeatherApp;
			packageProductDependencies = (
				C504913C272352B0003194C2 /* WeatherAPI */,
				C500D87327273AED00C4EBAB /* SampleWeatherData */,
			);
			productName = WeatherApp;
			productReference = C504912A2723514A003194C2 /* WeatherApp.app */;
			productType = "com.apple.product-type.application";
		};
/* End PBXNativeTarget section */

/* Begin PBXProject section */
		C50491222723514A003194C2 /* Project object */ = {
			isa = PBXProject;
			attributes = {
				BuildIndependentTargetsInParallel = 1;
				LastSwiftUpdateCheck = 1300;
				LastUpgradeCheck = 1300;
				TargetAttributes = {
					C50491292723514A003194C2 = {
						CreatedOnToolsVersion = 13.0;
					};
				};
			};
			buildConfigurationList = C50491252723514A003194C2 /* Build configuration list for PBXProject "WeatherApp" */;
			compatibilityVersion = "Xcode 13.0";
			developmentRegion = en;
			hasScannedForEncodings = 0;
			knownRegions = (
				en,
				Base,
			);
			mainGroup = C50491212723514A003194C2;
			packageReferences = (
				C504913B272352B0003194C2 /* XCRemoteSwiftPackageReference "WeatherAPI" */,
			);
			productRefGroup = C504912B2723514A003194C2 /* Products */;
			projectDirPath = "";
			projectRoot = "";
			targets = (
				C50491292723514A003194C2 /* WeatherApp */,
			);
		};
/* End PBXProject section */

/* Begin PBXResourcesBuildPhase section */
		C50491282723514A003194C2 /* Resources */ = {
			isa = PBXResourcesBuildPhase;
			buildActionMask = 2147483647;
			files = (
				C5BECC382725A52B0001A36A /* Places.json in Resources */,
				C50491352723514F003194C2 /* Preview Assets.xcassets in Resources */,
				C5BECC412725A95A0001A36A /* ObservationStationsResponse.json in Resources */,
				C5BECC3A2725A6040001A36A /* PointResponse.json in Resources */,
				C595BB6827263CC50049C645 /* Observation.json in Resources */,
				C50491322723514F003194C2 /* Assets.xcassets in Resources */,
			);
			runOnlyForDeploymentPostprocessing = 0;
		};
/* End PBXResourcesBuildPhase section */

/* Begin PBXSourcesBuildPhase section */
		C50491262723514A003194C2 /* Sources */ = {
			isa = PBXSourcesBuildPhase;
			buildActionMask = 2147483647;
			files = (
				C5049145272355CF003194C2 /* Place.swift in Sources */,
				C5C785872725F1120097A6C8 /* ForecastView.swift in Sources */,
				C5BECC3C2725A6A60001A36A /* LoadDecodableFromFile.swift in Sources */,
				C50491302723514A003194C2 /* ContentView.swift in Sources */,
				C55407A9272655AC00CB73D3 /* DetailedForecastView.swift in Sources */,
				C504913F27235336003194C2 /* Environment.swift in Sources */,
				C5D5FF5B2730856C00028DD4 /* AsyncViewModel.swift in Sources */,
				C59A473E27287B1D00C15189 /* ObservationStationsMapView.swift in Sources */,
				C5BECC3227259E370001A36A /* ForecastPointView.swift in Sources */,
				C5BECC432725AA7F0001A36A /* Location.swift in Sources */,
				C5C785852725E9750097A6C8 /* ObservationView.swift in Sources */,
				C500D86B272709E900C4EBAB /* ForecastType.swift in Sources */,
				C5BECC342725A1420001A36A /* ExpandableSectionToggle.swift in Sources */,
				C5D5FF5D2730872900028DD4 /* LocationViewModel.swift in Sources */,
				C5049147272359C9003194C2 /* LocationView.swift in Sources */,
				C500D8652727054E00C4EBAB /* AsyncView.swift in Sources */,
				C5BECC362725A2AA0001A36A /* ObservationStationView.swift in Sources */,
				C595BB6A2726482B0049C645 /* Formatters.swift in Sources */,
				C595BB6C272648FC0049C645 /* OptionalRow.swift in Sources */,
				C504912E2723514A003194C2 /* WeatherApp.swift in Sources */,
				C5BECC2E27245D0E0001A36A /* Result+Async.swift in Sources */,
				C5BECC3E2725A6F30001A36A /* Location+Sample.swift in Sources */,
				C5D5FF6527318C8400028DD4 /* LoadingView.swift in Sources */,
				C5D5FF6B2731B31A00028DD4 /* ObservationViewModel.swift in Sources */,
				C59A47402728928C00C15189 /* BubbleView.swift in Sources */,
				C500D87627273BA500C4EBAB /* Place+Sample.swift in Sources */,
				C5D5FF632731862C00028DD4 /* ErrorView.swift in Sources */,
				C5D5FF67273190CC00028DD4 /* ForecastViewModel.swift in Sources */,
				C500D867272706AA00C4EBAB /* AsyncViewProvider.swift in Sources */,
				C504914127235391003194C2 /* PlaceList.swift in Sources */,
			);
			runOnlyForDeploymentPostprocessing = 0;
		};
/* End PBXSourcesBuildPhase section */

/* Begin XCBuildConfiguration section */
		C50491362723514F003194C2 /* Debug */ = {
			isa = XCBuildConfiguration;
			buildSettings = {
				ALWAYS_SEARCH_USER_PATHS = NO;
				CLANG_ANALYZER_NONNULL = YES;
				CLANG_ANALYZER_NUMBER_OBJECT_CONVERSION = YES_AGGRESSIVE;
				CLANG_CXX_LANGUAGE_STANDARD = "gnu++17";
				CLANG_CXX_LIBRARY = "libc++";
				CLANG_ENABLE_MODULES = YES;
				CLANG_ENABLE_OBJC_ARC = YES;
				CLANG_ENABLE_OBJC_WEAK = YES;
				CLANG_WARN_BLOCK_CAPTURE_AUTORELEASING = YES;
				CLANG_WARN_BOOL_CONVERSION = YES;
				CLANG_WARN_COMMA = YES;
				CLANG_WARN_CONSTANT_CONVERSION = YES;
				CLANG_WARN_DEPRECATED_OBJC_IMPLEMENTATIONS = YES;
				CLANG_WARN_DIRECT_OBJC_ISA_USAGE = YES_ERROR;
				CLANG_WARN_DOCUMENTATION_COMMENTS = YES;
				CLANG_WARN_EMPTY_BODY = YES;
				CLANG_WARN_ENUM_CONVERSION = YES;
				CLANG_WARN_INFINITE_RECURSION = YES;
				CLANG_WARN_INT_CONVERSION = YES;
				CLANG_WARN_NON_LITERAL_NULL_CONVERSION = YES;
				CLANG_WARN_OBJC_IMPLICIT_RETAIN_SELF = YES;
				CLANG_WARN_OBJC_LITERAL_CONVERSION = YES;
				CLANG_WARN_OBJC_ROOT_CLASS = YES_ERROR;
				CLANG_WARN_QUOTED_INCLUDE_IN_FRAMEWORK_HEADER = YES;
				CLANG_WARN_RANGE_LOOP_ANALYSIS = YES;
				CLANG_WARN_STRICT_PROTOTYPES = YES;
				CLANG_WARN_SUSPICIOUS_MOVE = YES;
				CLANG_WARN_UNGUARDED_AVAILABILITY = YES_AGGRESSIVE;
				CLANG_WARN_UNREACHABLE_CODE = YES;
				CLANG_WARN__DUPLICATE_METHOD_MATCH = YES;
				COPY_PHASE_STRIP = NO;
				DEBUG_INFORMATION_FORMAT = dwarf;
				ENABLE_STRICT_OBJC_MSGSEND = YES;
				ENABLE_TESTABILITY = YES;
				GCC_C_LANGUAGE_STANDARD = gnu11;
				GCC_DYNAMIC_NO_PIC = NO;
				GCC_NO_COMMON_BLOCKS = YES;
				GCC_OPTIMIZATION_LEVEL = 0;
				GCC_PREPROCESSOR_DEFINITIONS = (
					"DEBUG=1",
					"$(inherited)",
				);
				GCC_WARN_64_TO_32_BIT_CONVERSION = YES;
				GCC_WARN_ABOUT_RETURN_TYPE = YES_ERROR;
				GCC_WARN_UNDECLARED_SELECTOR = YES;
				GCC_WARN_UNINITIALIZED_AUTOS = YES_AGGRESSIVE;
				GCC_WARN_UNUSED_FUNCTION = YES;
				GCC_WARN_UNUSED_VARIABLE = YES;
				IPHONEOS_DEPLOYMENT_TARGET = 15.0;
				MTL_ENABLE_DEBUG_INFO = INCLUDE_SOURCE;
				MTL_FAST_MATH = YES;
				ONLY_ACTIVE_ARCH = YES;
				SDKROOT = iphoneos;
				SWIFT_ACTIVE_COMPILATION_CONDITIONS = DEBUG;
				SWIFT_OPTIMIZATION_LEVEL = "-Onone";
			};
			name = Debug;
		};
		C50491372723514F003194C2 /* Release */ = {
			isa = XCBuildConfiguration;
			buildSettings = {
				ALWAYS_SEARCH_USER_PATHS = NO;
				CLANG_ANALYZER_NONNULL = YES;
				CLANG_ANALYZER_NUMBER_OBJECT_CONVERSION = YES_AGGRESSIVE;
				CLANG_CXX_LANGUAGE_STANDARD = "gnu++17";
				CLANG_CXX_LIBRARY = "libc++";
				CLANG_ENABLE_MODULES = YES;
				CLANG_ENABLE_OBJC_ARC = YES;
				CLANG_ENABLE_OBJC_WEAK = YES;
				CLANG_WARN_BLOCK_CAPTURE_AUTORELEASING = YES;
				CLANG_WARN_BOOL_CONVERSION = YES;
				CLANG_WARN_COMMA = YES;
				CLANG_WARN_CONSTANT_CONVERSION = YES;
				CLANG_WARN_DEPRECATED_OBJC_IMPLEMENTATIONS = YES;
				CLANG_WARN_DIRECT_OBJC_ISA_USAGE = YES_ERROR;
				CLANG_WARN_DOCUMENTATION_COMMENTS = YES;
				CLANG_WARN_EMPTY_BODY = YES;
				CLANG_WARN_ENUM_CONVERSION = YES;
				CLANG_WARN_INFINITE_RECURSION = YES;
				CLANG_WARN_INT_CONVERSION = YES;
				CLANG_WARN_NON_LITERAL_NULL_CONVERSION = YES;
				CLANG_WARN_OBJC_IMPLICIT_RETAIN_SELF = YES;
				CLANG_WARN_OBJC_LITERAL_CONVERSION = YES;
				CLANG_WARN_OBJC_ROOT_CLASS = YES_ERROR;
				CLANG_WARN_QUOTED_INCLUDE_IN_FRAMEWORK_HEADER = YES;
				CLANG_WARN_RANGE_LOOP_ANALYSIS = YES;
				CLANG_WARN_STRICT_PROTOTYPES = YES;
				CLANG_WARN_SUSPICIOUS_MOVE = YES;
				CLANG_WARN_UNGUARDED_AVAILABILITY = YES_AGGRESSIVE;
				CLANG_WARN_UNREACHABLE_CODE = YES;
				CLANG_WARN__DUPLICATE_METHOD_MATCH = YES;
				COPY_PHASE_STRIP = NO;
				DEBUG_INFORMATION_FORMAT = "dwarf-with-dsym";
				ENABLE_NS_ASSERTIONS = NO;
				ENABLE_STRICT_OBJC_MSGSEND = YES;
				GCC_C_LANGUAGE_STANDARD = gnu11;
				GCC_NO_COMMON_BLOCKS = YES;
				GCC_WARN_64_TO_32_BIT_CONVERSION = YES;
				GCC_WARN_ABOUT_RETURN_TYPE = YES_ERROR;
				GCC_WARN_UNDECLARED_SELECTOR = YES;
				GCC_WARN_UNINITIALIZED_AUTOS = YES_AGGRESSIVE;
				GCC_WARN_UNUSED_FUNCTION = YES;
				GCC_WARN_UNUSED_VARIABLE = YES;
				IPHONEOS_DEPLOYMENT_TARGET = 15.0;
				MTL_ENABLE_DEBUG_INFO = NO;
				MTL_FAST_MATH = YES;
				SDKROOT = iphoneos;
				SWIFT_COMPILATION_MODE = wholemodule;
				SWIFT_OPTIMIZATION_LEVEL = "-O";
				VALIDATE_PRODUCT = YES;
			};
			name = Release;
		};
		C50491392723514F003194C2 /* Debug */ = {
			isa = XCBuildConfiguration;
			buildSettings = {
				ASSETCATALOG_COMPILER_APPICON_NAME = AppIcon;
				ASSETCATALOG_COMPILER_GLOBAL_ACCENT_COLOR_NAME = AccentColor;
				CODE_SIGN_ENTITLEMENTS = WeatherApp/WeatherApp.entitlements;
				CODE_SIGN_STYLE = Automatic;
				CURRENT_PROJECT_VERSION = 1;
				DEVELOPMENT_ASSET_PATHS = "\"WeatherApp/Preview Content\"";
				DEVELOPMENT_TEAM = TBE8Y93CKS;
				ENABLE_PREVIEWS = YES;
				GENERATE_INFOPLIST_FILE = YES;
				INFOPLIST_KEY_UIApplicationSceneManifest_Generation = YES;
				INFOPLIST_KEY_UIApplicationSupportsIndirectInputEvents = YES;
				INFOPLIST_KEY_UILaunchScreen_Generation = YES;
				INFOPLIST_KEY_UISupportedInterfaceOrientations_iPad = "UIInterfaceOrientationPortrait UIInterfaceOrientationPortraitUpsideDown UIInterfaceOrientationLandscapeLeft UIInterfaceOrientationLandscapeRight";
				INFOPLIST_KEY_UISupportedInterfaceOrientations_iPhone = "UIInterfaceOrientationPortrait UIInterfaceOrientationLandscapeLeft UIInterfaceOrientationLandscapeRight";
				IPHONEOS_DEPLOYMENT_TARGET = 15.0;
				LD_RUNPATH_SEARCH_PATHS = (
					"$(inherited)",
					"@executable_path/Frameworks",
				);
				MARKETING_VERSION = 1.0;
				PRODUCT_BUNDLE_IDENTIFIER = com.rocketinsights.WeatherApp;
				PRODUCT_NAME = "$(TARGET_NAME)";
				SUPPORTS_MACCATALYST = YES;
				SUPPORTS_MAC_DESIGNED_FOR_IPHONE_IPAD = NO;
				SWIFT_EMIT_LOC_STRINGS = YES;
				SWIFT_VERSION = 5.0;
				TARGETED_DEVICE_FAMILY = "1,2";
			};
			name = Debug;
		};
		C504913A2723514F003194C2 /* Release */ = {
			isa = XCBuildConfiguration;
			buildSettings = {
				ASSETCATALOG_COMPILER_APPICON_NAME = AppIcon;
				ASSETCATALOG_COMPILER_GLOBAL_ACCENT_COLOR_NAME = AccentColor;
				CODE_SIGN_ENTITLEMENTS = WeatherApp/WeatherApp.entitlements;
				CODE_SIGN_STYLE = Automatic;
				CURRENT_PROJECT_VERSION = 1;
				DEVELOPMENT_ASSET_PATHS = "\"WeatherApp/Preview Content\"";
				DEVELOPMENT_TEAM = TBE8Y93CKS;
				ENABLE_PREVIEWS = YES;
				GENERATE_INFOPLIST_FILE = YES;
				INFOPLIST_KEY_UIApplicationSceneManifest_Generation = YES;
				INFOPLIST_KEY_UIApplicationSupportsIndirectInputEvents = YES;
				INFOPLIST_KEY_UILaunchScreen_Generation = YES;
				INFOPLIST_KEY_UISupportedInterfaceOrientations_iPad = "UIInterfaceOrientationPortrait UIInterfaceOrientationPortraitUpsideDown UIInterfaceOrientationLandscapeLeft UIInterfaceOrientationLandscapeRight";
				INFOPLIST_KEY_UISupportedInterfaceOrientations_iPhone = "UIInterfaceOrientationPortrait UIInterfaceOrientationLandscapeLeft UIInterfaceOrientationLandscapeRight";
				IPHONEOS_DEPLOYMENT_TARGET = 15.0;
				LD_RUNPATH_SEARCH_PATHS = (
					"$(inherited)",
					"@executable_path/Frameworks",
				);
				MARKETING_VERSION = 1.0;
				PRODUCT_BUNDLE_IDENTIFIER = com.rocketinsights.WeatherApp;
				PRODUCT_NAME = "$(TARGET_NAME)";
				SUPPORTS_MACCATALYST = YES;
				SUPPORTS_MAC_DESIGNED_FOR_IPHONE_IPAD = NO;
				SWIFT_EMIT_LOC_STRINGS = YES;
				SWIFT_VERSION = 5.0;
				TARGETED_DEVICE_FAMILY = "1,2";
			};
			name = Release;
		};
/* End XCBuildConfiguration section */

/* Begin XCConfigurationList section */
		C50491252723514A003194C2 /* Build configuration list for PBXProject "WeatherApp" */ = {
			isa = XCConfigurationList;
			buildConfigurations = (
				C50491362723514F003194C2 /* Debug */,
				C50491372723514F003194C2 /* Release */,
			);
			defaultConfigurationIsVisible = 0;
			defaultConfigurationName = Release;
		};
		C50491382723514F003194C2 /* Build configuration list for PBXNativeTarget "WeatherApp" */ = {
			isa = XCConfigurationList;
			buildConfigurations = (
				C50491392723514F003194C2 /* Debug */,
				C504913A2723514F003194C2 /* Release */,
			);
			defaultConfigurationIsVisible = 0;
			defaultConfigurationName = Release;
		};
/* End XCConfigurationList section */

/* Begin XCRemoteSwiftPackageReference section */
		C504913B272352B0003194C2 /* XCRemoteSwiftPackageReference "WeatherAPI" */ = {
			isa = XCRemoteSwiftPackageReference;
			repositoryURL = "https://github.com/pwc3/WeatherAPI";
			requirement = {
				branch = main;
				kind = branch;
			};
		};
/* End XCRemoteSwiftPackageReference section */

/* Begin XCSwiftPackageProductDependency section */
		C500D87327273AED00C4EBAB /* SampleWeatherData */ = {
			isa = XCSwiftPackageProductDependency;
			package = C504913B272352B0003194C2 /* XCRemoteSwiftPackageReference "WeatherAPI" */;
			productName = SampleWeatherData;
		};
		C504913C272352B0003194C2 /* WeatherAPI */ = {
			isa = XCSwiftPackageProductDependency;
			package = C504913B272352B0003194C2 /* XCRemoteSwiftPackageReference "WeatherAPI" */;
			productName = WeatherAPI;
		};
/* End XCSwiftPackageProductDependency section */
	};
	rootObject = C50491222723514A003194C2 /* Project object */;
}
