{
  "object": {
    "pins": [
      {
        "package": "WeatherAPI",
        "repositoryURL": "https://github.com/pwc3/WeatherAPI",
        "state": {
          "branch": "main",
          "revision": "2c6b3155ededcdb90ba2da3be640ce7c8545c13a",
          "version": null
        }
      }
    ]
  },
  "version": 1
}
