{
  "object": {
    "pins": [
      {
        "package": "WeatherAPI",
        "repositoryURL": "https://github.com/pwc3/WeatherAPI",
        "state": {
          "branch": "main",
          "revision": "c7814778cafb9de252dd74a71627a64a8ce7e34e",
          "version": null
        }
      }
    ]
  },
  "version": 1
}
