{
  "object": {
    "pins": [
      {
        "package": "WeatherAPI",
        "repositoryURL": "https://github.com/pwc3/WeatherAPI",
        "state": {
          "branch": "main",
          "revision": "b7f1c10badd24c16f4ce08af863ffc7e2907929b",
          "version": null
        }
      }
    ]
  },
  "version": 1
}
